
Microsoft Visual Studio Solution File, Format Version 12.00
# Visual Studio 15
VisualStudioVersion = 15.0.26430.16
MinimumVisualStudioVersion = 10.0.40219.1
Project("{FAE04EC0-301F-11D3-BF4B-00C04F79EFBC}") = "ServiceAPI", "ServiceAPI\ServiceAPI.csproj", "{1C8DCE47-03E6-4FA8-8BC1-BC82C1F4DE99}"
EndProject
Project("{FAE04EC0-301F-11D3-BF4B-00C04F79EFBC}") = "Core.Entities", "Core.Entities\Core.Entities.csproj", "{33D9E73E-7890-4526-95C2-7C73EA5ACE55}"
EndProject
Project("{FAE04EC0-301F-11D3-BF4B-00C04F79EFBC}") = "DataAccess", "DataAccess\DataAccess.csproj", "{521278E5-BB6E-4309-8010-5B068B3BE98E}"
EndProject
Project("{FAE04EC0-301F-11D3-BF4B-00C04F79EFBC}") = "Core.Logic", "Core.Logic\Core.Logic.csproj", "{3C54C34F-EB34-4137-970D-CDFDDDDB5F2E}"
EndProject
Project("{E24C65DC-7377-472B-9ABA-BC803B73C61A}") = "src", "apps-cbr-web\src\", "{1B794D16-7163-4065-BB92-1989208B4571}"
	ProjectSection(WebsiteProperties) = preProject
		TargetFrameworkMoniker = ".NETFramework,Version%3Dv2.0"
		Debug.AspNetCompiler.VirtualPath = "/localhost_24493"
		Debug.AspNetCompiler.PhysicalPath = "apps-cbr-web\src\"
		Debug.AspNetCompiler.TargetPath = "PrecompiledWeb\localhost_24493\"
		Debug.AspNetCompiler.Updateable = "true"
		Debug.AspNetCompiler.ForceOverwrite = "true"
		Debug.AspNetCompiler.FixedNames = "false"
		Debug.AspNetCompiler.Debug = "True"
		Release.AspNetCompiler.VirtualPath = "/localhost_24493"
		Release.AspNetCompiler.PhysicalPath = "apps-cbr-web\src\"
		Release.AspNetCompiler.TargetPath = "PrecompiledWeb\localhost_24493\"
		Release.AspNetCompiler.Updateable = "true"
		Release.AspNetCompiler.ForceOverwrite = "true"
		Release.AspNetCompiler.FixedNames = "false"
		Release.AspNetCompiler.Debug = "False"
		VWDPort = "24493"
		SlnRelativePath = "apps-cbr-web\src\"
	EndProjectSection
EndProject
Project("{E24C65DC-7377-472B-9ABA-BC803B73C61A}") = "src-admin", "admin-cbr-web\src-admin\", "{57646A79-AD4F-418A-A41A-876439EB47DD}"
	ProjectSection(WebsiteProperties) = preProject
		TargetFrameworkMoniker = ".NETFramework,Version%3Dv2.0"
		Debug.AspNetCompiler.VirtualPath = "/localhost_18386"
		Debug.AspNetCompiler.PhysicalPath = "admin-cbr-web\src-admin\"
		Debug.AspNetCompiler.TargetPath = "PrecompiledWeb\localhost_18386\"
		Debug.AspNetCompiler.Updateable = "true"
		Debug.AspNetCompiler.ForceOverwrite = "true"
		Debug.AspNetCompiler.FixedNames = "false"
		Debug.AspNetCompiler.Debug = "True"
		Release.AspNetCompiler.VirtualPath = "/localhost_18386"
		Release.AspNetCompiler.PhysicalPath = "admin-cbr-web\src-admin\"
		Release.AspNetCompiler.TargetPath = "PrecompiledWeb\localhost_18386\"
		Release.AspNetCompiler.Updateable = "true"
		Release.AspNetCompiler.ForceOverwrite = "true"
		Release.AspNetCompiler.FixedNames = "false"
		Release.AspNetCompiler.Debug = "False"
		VWDPort = "18386"
		SlnRelativePath = "admin-cbr-web\src-admin\"
	EndProjectSection
EndProject
Project("{FAE04EC0-301F-11D3-BF4B-00C04F79EFBC}") = "AdminServiceAPI", "AdminServiceAPI\AdminServiceAPI.csproj", "{5AFFB9E4-22D4-46C4-86FB-F6D631C6BB19}"
EndProject
Project("{FAE04EC0-301F-11D3-BF4B-00C04F79EFBC}") = "Admin.Logic", "Admin.Logic\Admin.Logic.csproj", "{475B80E9-45E8-4BD5-BBDB-1D631D6258CA}"
EndProject
Global
	GlobalSection(SolutionConfigurationPlatforms) = preSolution
		Debug|Any CPU = Debug|Any CPU
		Release|Any CPU = Release|Any CPU
	EndGlobalSection
	GlobalSection(ProjectConfigurationPlatforms) = postSolution
		{1C8DCE47-03E6-4FA8-8BC1-BC82C1F4DE99}.Debug|Any CPU.ActiveCfg = Debug|Any CPU
		{1C8DCE47-03E6-4FA8-8BC1-BC82C1F4DE99}.Debug|Any CPU.Build.0 = Debug|Any CPU
		{1C8DCE47-03E6-4FA8-8BC1-BC82C1F4DE99}.Release|Any CPU.ActiveCfg = Release|Any CPU
		{1C8DCE47-03E6-4FA8-8BC1-BC82C1F4DE99}.Release|Any CPU.Build.0 = Release|Any CPU
		{33D9E73E-7890-4526-95C2-7C73EA5ACE55}.Debug|Any CPU.ActiveCfg = Debug|Any CPU
		{33D9E73E-7890-4526-95C2-7C73EA5ACE55}.Debug|Any CPU.Build.0 = Debug|Any CPU
		{33D9E73E-7890-4526-95C2-7C73EA5ACE55}.Release|Any CPU.ActiveCfg = Release|Any CPU
		{33D9E73E-7890-4526-95C2-7C73EA5ACE55}.Release|Any CPU.Build.0 = Release|Any CPU
		{521278E5-BB6E-4309-8010-5B068B3BE98E}.Debug|Any CPU.ActiveCfg = Debug|Any CPU
		{521278E5-BB6E-4309-8010-5B068B3BE98E}.Debug|Any CPU.Build.0 = Debug|Any CPU
		{521278E5-BB6E-4309-8010-5B068B3BE98E}.Release|Any CPU.ActiveCfg = Release|Any CPU
		{521278E5-BB6E-4309-8010-5B068B3BE98E}.Release|Any CPU.Build.0 = Release|Any CPU
		{3C54C34F-EB34-4137-970D-CDFDDDDB5F2E}.Debug|Any CPU.ActiveCfg = Debug|Any CPU
		{3C54C34F-EB34-4137-970D-CDFDDDDB5F2E}.Debug|Any CPU.Build.0 = Debug|Any CPU
		{3C54C34F-EB34-4137-970D-CDFDDDDB5F2E}.Release|Any CPU.ActiveCfg = Release|Any CPU
		{3C54C34F-EB34-4137-970D-CDFDDDDB5F2E}.Release|Any CPU.Build.0 = Release|Any CPU
		{1B794D16-7163-4065-BB92-1989208B4571}.Debug|Any CPU.ActiveCfg = Debug|Any CPU
		{1B794D16-7163-4065-BB92-1989208B4571}.Release|Any CPU.ActiveCfg = Debug|Any CPU
		{1B794D16-7163-4065-BB92-1989208B4571}.Release|Any CPU.Build.0 = Debug|Any CPU
		{57646A79-AD4F-418A-A41A-876439EB47DD}.Debug|Any CPU.ActiveCfg = Debug|Any CPU
		{57646A79-AD4F-418A-A41A-876439EB47DD}.Debug|Any CPU.Build.0 = Debug|Any CPU
		{57646A79-AD4F-418A-A41A-876439EB47DD}.Release|Any CPU.ActiveCfg = Debug|Any CPU
		{57646A79-AD4F-418A-A41A-876439EB47DD}.Release|Any CPU.Build.0 = Debug|Any CPU
		{5AFFB9E4-22D4-46C4-86FB-F6D631C6BB19}.Debug|Any CPU.ActiveCfg = Debug|Any CPU
		{5AFFB9E4-22D4-46C4-86FB-F6D631C6BB19}.Debug|Any CPU.Build.0 = Debug|Any CPU
		{5AFFB9E4-22D4-46C4-86FB-F6D631C6BB19}.Release|Any CPU.ActiveCfg = Release|Any CPU
		{5AFFB9E4-22D4-46C4-86FB-F6D631C6BB19}.Release|Any CPU.Build.0 = Release|Any CPU
		{475B80E9-45E8-4BD5-BBDB-1D631D6258CA}.Debug|Any CPU.ActiveCfg = Debug|Any CPU
		{475B80E9-45E8-4BD5-BBDB-1D631D6258CA}.Debug|Any CPU.Build.0 = Debug|Any CPU
		{475B80E9-45E8-4BD5-BBDB-1D631D6258CA}.Release|Any CPU.ActiveCfg = Release|Any CPU
		{475B80E9-45E8-4BD5-BBDB-1D631D6258CA}.Release|Any CPU.Build.0 = Release|Any CPU
	EndGlobalSection
	GlobalSection(SolutionProperties) = preSolution
		HideSolutionNode = FALSE
	EndGlobalSection
EndGlobal
